// !$*UTF8*$!
{
	archiveVersion = 1;
	classes = {
	};
	objectVersion = 46;
	objects = {

/* Begin PBXBuildFile section */
		68028BBD1E0CC6AF00D0FA2D /* AppDelegate.swift in Sources */ = {isa = PBXBuildFile; fileRef = 68028BBC1E0CC6AF00D0FA2D /* AppDelegate.swift */; };
		68028BBF1E0CC6AF00D0FA2D /* ViewController.swift in Sources */ = {isa = PBXBuildFile; fileRef = 68028BBE1E0CC6AF00D0FA2D /* ViewController.swift */; };
		68028BC21E0CC6AF00D0FA2D /* Main.storyboard in Resources */ = {isa = PBXBuildFile; fileRef = 68028BC01E0CC6AF00D0FA2D /* Main.storyboard */; };
		68028BC41E0CC6AF00D0FA2D /* Assets.xcassets in Resources */ = {isa = PBXBuildFile; fileRef = 68028BC31E0CC6AF00D0FA2D /* Assets.xcassets */; };
		68028BC71E0CC6AF00D0FA2D /* LaunchScreen.storyboard in Resources */ = {isa = PBXBuildFile; fileRef = 68028BC51E0CC6AF00D0FA2D /* LaunchScreen.storyboard */; };
		68028BD21E0CC6AF00D0FA2D /* delegatetestTests.swift in Sources */ = {isa = PBXBuildFile; fileRef = 68028BD11E0CC6AF00D0FA2D /* delegatetestTests.swift */; };
		68028BDD1E0CC6AF00D0FA2D /* delegatetestUITests.swift in Sources */ = {isa = PBXBuildFile; fileRef = 68028BDC1E0CC6AF00D0FA2D /* delegatetestUITests.swift */; };
		68028BF21E0CC9CB00D0FA2D /* DelegateTableViewCell.swift in Sources */ = {isa = PBXBuildFile; fileRef = 68028BF01E0CC9CB00D0FA2D /* DelegateTableViewCell.swift */; };
		68028BF31E0CC9CB00D0FA2D /* DelegateTableViewCell.xib in Resources */ = {isa = PBXBuildFile; fileRef = 68028BF11E0CC9CB00D0FA2D /* DelegateTableViewCell.xib */; };
/* End PBXBuildFile section */

/* Begin PBXContainerItemProxy section */
		68028BCE1E0CC6AF00D0FA2D /* PBXContainerItemProxy */ = {
			isa = PBXContainerItemProxy;
			containerPortal = 68028BB11E0CC6AF00D0FA2D /* Project object */;
			proxyType = 1;
			remoteGlobalIDString = 68028BB81E0CC6AF00D0FA2D;
			remoteInfo = delegatetest;
		};
		68028BD91E0CC6AF00D0FA2D /* PBXContainerItemProxy */ = {
			isa = PBXContainerItemProxy;
			containerPortal = 68028BB11E0CC6AF00D0FA2D /* Project object */;
			proxyType = 1;
			remoteGlobalIDString = 68028BB81E0CC6AF00D0FA2D;
			remoteInfo = delegatetest;
		};
/* End PBXContainerItemProxy section */

/* Begin PBXFileReference section */
		68028BB91E0CC6AF00D0FA2D /* delegatetest.app */ = {isa = PBXFileReference; explicitFileType = wrapper.application; includeInIndex = 0; path = delegatetest.app; sourceTree = BUILT_PRODUCTS_DIR; };
		68028BBC1E0CC6AF00D0FA2D /* AppDelegate.swift */ = {isa = PBXFileReference; lastKnownFileType = sourcecode.swift; path = AppDelegate.swift; sourceTree = "<group>"; };
		68028BBE1E0CC6AF00D0FA2D /* ViewController.swift */ = {isa = PBXFileReference; lastKnownFileType = sourcecode.swift; path = ViewController.swift; sourceTree = "<group>"; };
		68028BC11E0CC6AF00D0FA2D /* Base */ = {isa = PBXFileReference; lastKnownFileType = file.storyboard; name = Base; path = Base.lproj/Main.storyboard; sourceTree = "<group>"; };
		68028BC31E0CC6AF00D0FA2D /* Assets.xcassets */ = {isa = PBXFileReference; lastKnownFileType = folder.assetcatalog; path = Assets.xcassets; sourceTree = "<group>"; };
		68028BC61E0CC6AF00D0FA2D /* Base */ = {isa = PBXFileReference; lastKnownFileType = file.storyboard; name = Base; path = Base.lproj/LaunchScreen.storyboard; sourceTree = "<group>"; };
		68028BC81E0CC6AF00D0FA2D /* Info.plist */ = {isa = PBXFileReference; lastKnownFileType = text.plist.xml; path = Info.plist; sourceTree = "<group>"; };
		68028BCD1E0CC6AF00D0FA2D /* delegatetestTests.xctest */ = {isa = PBXFileReference; explicitFileType = wrapper.cfbundle; includeInIndex = 0; path = delegatetestTests.xctest; sourceTree = BUILT_PRODUCTS_DIR; };
		68028BD11E0CC6AF00D0FA2D /* delegatetestTests.swift */ = {isa = PBXFileReference; lastKnownFileType = sourcecode.swift; path = delegatetestTests.swift; sourceTree = "<group>"; };
		68028BD31E0CC6AF00D0FA2D /* Info.plist */ = {isa = PBXFileReference; lastKnownFileType = text.plist.xml; path = Info.plist; sourceTree = "<group>"; };
		68028BD81E0CC6AF00D0FA2D /* delegatetestUITests.xctest */ = {isa = PBXFileReference; explicitFileType = wrapper.cfbundle; includeInIndex = 0; path = delegatetestUITests.xctest; sourceTree = BUILT_PRODUCTS_DIR; };
		68028BDC1E0CC6AF00D0FA2D /* delegatetestUITests.swift */ = {isa = PBXFileReference; lastKnownFileType = sourcecode.swift; path = delegatetestUITests.swift; sourceTree = "<group>"; };
		68028BDE1E0CC6AF00D0FA2D /* Info.plist */ = {isa = PBXFileReference; lastKnownFileType = text.plist.xml; path = Info.plist; sourceTree = "<group>"; };
		68028BF01E0CC9CB00D0FA2D /* DelegateTableViewCell.swift */ = {isa = PBXFileReference; fileEncoding = 4; lastKnownFileType = sourcecode.swift; path = DelegateTableViewCell.swift; sourceTree = "<group>"; };
		68028BF11E0CC9CB00D0FA2D /* DelegateTableViewCell.xib */ = {isa = PBXFileReference; fileEncoding = 4; lastKnownFileType = file.xib; path = DelegateTableViewCell.xib; sourceTree = "<group>"; };
/* End PBXFileReference section */

/* Begin PBXFrameworksBuildPhase section */
		68028BB61E0CC6AF00D0FA2D /* Frameworks */ = {
			isa = PBXFrameworksBuildPhase;
			buildActionMask = 2147483647;
			files = (
			);
			runOnlyForDeploymentPostprocessing = 0;
		};
		68028BCA1E0CC6AF00D0FA2D /* Frameworks */ = {
			isa = PBXFrameworksBuildPhase;
			buildActionMask = 2147483647;
			files = (
			);
			runOnlyForDeploymentPostprocessing = 0;
		};
		68028BD51E0CC6AF00D0FA2D /* Frameworks */ = {
			isa = PBXFrameworksBuildPhase;
			buildActionMask = 2147483647;
			files = (
			);
			runOnlyForDeploymentPostprocessing = 0;
		};
/* End PBXFrameworksBuildPhase section */

/* Begin PBXGroup section */
		68028BB01E0CC6AF00D0FA2D = {
			isa = PBXGroup;
			children = (
				68028BBB1E0CC6AF00D0FA2D /* delegatetest */,
				68028BD01E0CC6AF00D0FA2D /* delegatetestTests */,
				68028BDB1E0CC6AF00D0FA2D /* delegatetestUITests */,
				68028BBA1E0CC6AF00D0FA2D /* Products */,
			);
			sourceTree = "<group>";
		};
		68028BBA1E0CC6AF00D0FA2D /* Products */ = {
			isa = PBXGroup;
			children = (
				68028BB91E0CC6AF00D0FA2D /* delegatetest.app */,
				68028BCD1E0CC6AF00D0FA2D /* delegatetestTests.xctest */,
				68028BD81E0CC6AF00D0FA2D /* delegatetestUITests.xctest */,
			);
			name = Products;
			sourceTree = "<group>";
		};
		68028BBB1E0CC6AF00D0FA2D /* delegatetest */ = {
			isa = PBXGroup;
			children = (
				68028BBC1E0CC6AF00D0FA2D /* AppDelegate.swift */,
				68028BBE1E0CC6AF00D0FA2D /* ViewController.swift */,
				68028BC01E0CC6AF00D0FA2D /* Main.storyboard */,
				68028BF01E0CC9CB00D0FA2D /* DelegateTableViewCell.swift */,
				68028BF11E0CC9CB00D0FA2D /* DelegateTableViewCell.xib */,
				68028BC31E0CC6AF00D0FA2D /* Assets.xcassets */,
				68028BC51E0CC6AF00D0FA2D /* LaunchScreen.storyboard */,
				68028BC81E0CC6AF00D0FA2D /* Info.plist */,
			);
			path = delegatetest;
			sourceTree = "<group>";
		};
		68028BD01E0CC6AF00D0FA2D /* delegatetestTests */ = {
			isa = PBXGroup;
			children = (
				68028BD11E0CC6AF00D0FA2D /* delegatetestTests.swift */,
				68028BD31E0CC6AF00D0FA2D /* Info.plist */,
			);
			path = delegatetestTests;
			sourceTree = "<group>";
		};
		68028BDB1E0CC6AF00D0FA2D /* delegatetestUITests */ = {
			isa = PBXGroup;
			children = (
				68028BDC1E0CC6AF00D0FA2D /* delegatetestUITests.swift */,
				68028BDE1E0CC6AF00D0FA2D /* Info.plist */,
			);
			path = delegatetestUITests;
			sourceTree = "<group>";
		};
/* End PBXGroup section */

/* Begin PBXNativeTarget section */
		68028BB81E0CC6AF00D0FA2D /* delegatetest */ = {
			isa = PBXNativeTarget;
			buildConfigurationList = 68028BE11E0CC6AF00D0FA2D /* Build configuration list for PBXNativeTarget "delegatetest" */;
			buildPhases = (
				68028BB51E0CC6AF00D0FA2D /* Sources */,
				68028BB61E0CC6AF00D0FA2D /* Frameworks */,
				68028BB71E0CC6AF00D0FA2D /* Resources */,
			);
			buildRules = (
			);
			dependencies = (
			);
			name = delegatetest;
			productName = delegatetest;
			productReference = 68028BB91E0CC6AF00D0FA2D /* delegatetest.app */;
			productType = "com.apple.product-type.application";
		};
		68028BCC1E0CC6AF00D0FA2D /* delegatetestTests */ = {
			isa = PBXNativeTarget;
			buildConfigurationList = 68028BE41E0CC6AF00D0FA2D /* Build configuration list for PBXNativeTarget "delegatetestTests" */;
			buildPhases = (
				68028BC91E0CC6AF00D0FA2D /* Sources */,
				68028BCA1E0CC6AF00D0FA2D /* Frameworks */,
				68028BCB1E0CC6AF00D0FA2D /* Resources */,
			);
			buildRules = (
			);
			dependencies = (
				68028BCF1E0CC6AF00D0FA2D /* PBXTargetDependency */,
			);
			name = delegatetestTests;
			productName = delegatetestTests;
			productReference = 68028BCD1E0CC6AF00D0FA2D /* delegatetestTests.xctest */;
			productType = "com.apple.product-type.bundle.unit-test";
		};
		68028BD71E0CC6AF00D0FA2D /* delegatetestUITests */ = {
			isa = PBXNativeTarget;
			buildConfigurationList = 68028BE71E0CC6AF00D0FA2D /* Build configuration list for PBXNativeTarget "delegatetestUITests" */;
			buildPhases = (
				68028BD41E0CC6AF00D0FA2D /* Sources */,
				68028BD51E0CC6AF00D0FA2D /* Frameworks */,
				68028BD61E0CC6AF00D0FA2D /* Resources */,
			);
			buildRules = (
			);
			dependencies = (
				68028BDA1E0CC6AF00D0FA2D /* PBXTargetDependency */,
			);
			name = delegatetestUITests;
			productName = delegatetestUITests;
			productReference = 68028BD81E0CC6AF00D0FA2D /* delegatetestUITests.xctest */;
			productType = "com.apple.product-type.bundle.ui-testing";
		};
/* End PBXNativeTarget section */

/* Begin PBXProject section */
		68028BB11E0CC6AF00D0FA2D /* Project object */ = {
			isa = PBXProject;
			attributes = {
				LastSwiftUpdateCheck = 0810;
				LastUpgradeCheck = 0810;
				ORGANIZATIONNAME = misato;
				TargetAttributes = {
					68028BB81E0CC6AF00D0FA2D = {
						CreatedOnToolsVersion = 8.1;
						DevelopmentTeam = XY75339EL4;
						ProvisioningStyle = Automatic;
					};
					68028BCC1E0CC6AF00D0FA2D = {
						CreatedOnToolsVersion = 8.1;
						ProvisioningStyle = Automatic;
						TestTargetID = 68028BB81E0CC6AF00D0FA2D;
					};
					68028BD71E0CC6AF00D0FA2D = {
						CreatedOnToolsVersion = 8.1;
						ProvisioningStyle = Automatic;
						TestTargetID = 68028BB81E0CC6AF00D0FA2D;
					};
				};
			};
			buildConfigurationList = 68028BB41E0CC6AF00D0FA2D /* Build configuration list for PBXProject "delegatetest" */;
			compatibilityVersion = "Xcode 3.2";
			developmentRegion = English;
			hasScannedForEncodings = 0;
			knownRegions = (
				en,
				Base,
			);
			mainGroup = 68028BB01E0CC6AF00D0FA2D;
			productRefGroup = 68028BBA1E0CC6AF00D0FA2D /* Products */;
			projectDirPath = "";
			projectRoot = "";
			targets = (
				68028BB81E0CC6AF00D0FA2D /* delegatetest */,
				68028BCC1E0CC6AF00D0FA2D /* delegatetestTests */,
				68028BD71E0CC6AF00D0FA2D /* delegatetestUITests */,
			);
		};
/* End PBXProject section */

/* Begin PBXResourcesBuildPhase section */
		68028BB71E0CC6AF00D0FA2D /* Resources */ = {
			isa = PBXResourcesBuildPhase;
			buildActionMask = 2147483647;
			files = (
				68028BF31E0CC9CB00D0FA2D /* DelegateTableViewCell.xib in Resources */,
				68028BC71E0CC6AF00D0FA2D /* LaunchScreen.storyboard in Resources */,
				68028BC41E0CC6AF00D0FA2D /* Assets.xcassets in Resources */,
				68028BC21E0CC6AF00D0FA2D /* Main.storyboard in Resources */,
			);
			runOnlyForDeploymentPostprocessing = 0;
		};
		68028BCB1E0CC6AF00D0FA2D /* Resources */ = {
			isa = PBXResourcesBuildPhase;
			buildActionMask = 2147483647;
			files = (
			);
			runOnlyForDeploymentPostprocessing = 0;
		};
		68028BD61E0CC6AF00D0FA2D /* Resources */ = {
			isa = PBXResourcesBuildPhase;
			buildActionMask = 2147483647;
			files = (
			);
			runOnlyForDeploymentPostprocessing = 0;
		};
/* End PBXResourcesBuildPhase section */

/* Begin PBXSourcesBuildPhase section */
		68028BB51E0CC6AF00D0FA2D /* Sources */ = {
			isa = PBXSourcesBuildPhase;
			buildActionMask = 2147483647;
			files = (
				68028BF21E0CC9CB00D0FA2D /* DelegateTableViewCell.swift in Sources */,
				68028BBF1E0CC6AF00D0FA2D /* ViewController.swift in Sources */,
				68028BBD1E0CC6AF00D0FA2D /* AppDelegate.swift in Sources */,
			);
			runOnlyForDeploymentPostprocessing = 0;
		};
		68028BC91E0CC6AF00D0FA2D /* Sources */ = {
			isa = PBXSourcesBuildPhase;
			buildActionMask = 2147483647;
			files = (
				68028BD21E0CC6AF00D0FA2D /* delegatetestTests.swift in Sources */,
			);
			runOnlyForDeploymentPostprocessing = 0;
		};
		68028BD41E0CC6AF00D0FA2D /* Sources */ = {
			isa = PBXSourcesBuildPhase;
			buildActionMask = 2147483647;
			files = (
				68028BDD1E0CC6AF00D0FA2D /* delegatetestUITests.swift in Sources */,
			);
			runOnlyForDeploymentPostprocessing = 0;
		};
/* End PBXSourcesBuildPhase section */

/* Begin PBXTargetDependency section */
		68028BCF1E0CC6AF00D0FA2D /* PBXTargetDependency */ = {
			isa = PBXTargetDependency;
			target = 68028BB81E0CC6AF00D0FA2D /* delegatetest */;
			targetProxy = 68028BCE1E0CC6AF00D0FA2D /* PBXContainerItemProxy */;
		};
		68028BDA1E0CC6AF00D0FA2D /* PBXTargetDependency */ = {
			isa = PBXTargetDependency;
			target = 68028BB81E0CC6AF00D0FA2D /* delegatetest */;
			targetProxy = 68028BD91E0CC6AF00D0FA2D /* PBXContainerItemProxy */;
		};
/* End PBXTargetDependency section */

/* Begin PBXVariantGroup section */
		68028BC01E0CC6AF00D0FA2D /* Main.storyboard */ = {
			isa = PBXVariantGroup;
			children = (
				68028BC11E0CC6AF00D0FA2D /* Base */,
			);
			name = Main.storyboard;
			sourceTree = "<group>";
		};
		68028BC51E0CC6AF00D0FA2D /* LaunchScreen.storyboard */ = {
			isa = PBXVariantGroup;
			children = (
				68028BC61E0CC6AF00D0FA2D /* Base */,
			);
			name = LaunchScreen.storyboard;
			sourceTree = "<group>";
		};
/* End PBXVariantGroup section */

/* Begin XCBuildConfiguration section */
		68028BDF1E0CC6AF00D0FA2D /* Debug */ = {
			isa = XCBuildConfiguration;
			buildSettings = {
				ALWAYS_SEARCH_USER_PATHS = NO;
				CLANG_ANALYZER_NONNULL = YES;
				CLANG_CXX_LANGUAGE_STANDARD = "gnu++0x";
				CLANG_CXX_LIBRARY = "libc++";
				CLANG_ENABLE_MODULES = YES;
				CLANG_ENABLE_OBJC_ARC = YES;
				CLANG_WARN_BOOL_CONVERSION = YES;
				CLANG_WARN_CONSTANT_CONVERSION = YES;
				CLANG_WARN_DIRECT_OBJC_ISA_USAGE = YES_ERROR;
				CLANG_WARN_DOCUMENTATION_COMMENTS = YES;
				CLANG_WARN_EMPTY_BODY = YES;
				CLANG_WARN_ENUM_CONVERSION = YES;
				CLANG_WARN_INFINITE_RECURSION = YES;
				CLANG_WARN_INT_CONVERSION = YES;
				CLANG_WARN_OBJC_ROOT_CLASS = YES_ERROR;
				CLANG_WARN_SUSPICIOUS_MOVES = YES;
				CLANG_WARN_UNREACHABLE_CODE = YES;
				CLANG_WARN__DUPLICATE_METHOD_MATCH = YES;
				"CODE_SIGN_IDENTITY[sdk=iphoneos*]" = "iPhone Developer";
				COPY_PHASE_STRIP = NO;
				DEBUG_INFORMATION_FORMAT = dwarf;
				ENABLE_STRICT_OBJC_MSGSEND = YES;
				ENABLE_TESTABILITY = YES;
				GCC_C_LANGUAGE_STANDARD = gnu99;
				GCC_DYNAMIC_NO_PIC = NO;
				GCC_NO_COMMON_BLOCKS = YES;
				GCC_OPTIMIZATION_LEVEL = 0;
				GCC_PREPROCESSOR_DEFINITIONS = (
					"DEBUG=1",
					"$(inherited)",
				);
				GCC_WARN_64_TO_32_BIT_CONVERSION = YES;
				GCC_WARN_ABOUT_RETURN_TYPE = YES_ERROR;
				GCC_WARN_UNDECLARED_SELECTOR = YES;
				GCC_WARN_UNINITIALIZED_AUTOS = YES_AGGRESSIVE;
				GCC_WARN_UNUSED_FUNCTION = YES;
				GCC_WARN_UNUSED_VARIABLE = YES;
				IPHONEOS_DEPLOYMENT_TARGET = 10.1;
				MTL_ENABLE_DEBUG_INFO = YES;
				ONLY_ACTIVE_ARCH = YES;
				SDKROOT = iphoneos;
				SWIFT_ACTIVE_COMPILATION_CONDITIONS = DEBUG;
				SWIFT_OPTIMIZATION_LEVEL = "-Onone";
				TARGETED_DEVICE_FAMILY = "1,2";
			};
			name = Debug;
		};
		68028BE01E0CC6AF00D0FA2D /* Release */ = {
			isa = XCBuildConfiguration;
			buildSettings = {
				ALWAYS_SEARCH_USER_PATHS = NO;
				CLANG_ANALYZER_NONNULL = YES;
				CLANG_CXX_LANGUAGE_STANDARD = "gnu++0x";
				CLANG_CXX_LIBRARY = "libc++";
				CLANG_ENABLE_MODULES = YES;
				CLANG_ENABLE_OBJC_ARC = YES;
				CLANG_WARN_BOOL_CONVERSION = YES;
				CLANG_WARN_CONSTANT_CONVERSION = YES;
				CLANG_WARN_DIRECT_OBJC_ISA_USAGE = YES_ERROR;
				CLANG_WARN_DOCUMENTATION_COMMENTS = YES;
				CLANG_WARN_EMPTY_BODY = YES;
				CLANG_WARN_ENUM_CONVERSION = YES;
				CLANG_WARN_INFINITE_RECURSION = YES;
				CLANG_WARN_INT_CONVERSION = YES;
				CLANG_WARN_OBJC_ROOT_CLASS = YES_ERROR;
				CLANG_WARN_SUSPICIOUS_MOVES = YES;
				CLANG_WARN_UNREACHABLE_CODE = YES;
				CLANG_WARN__DUPLICATE_METHOD_MATCH = YES;
				"CODE_SIGN_IDENTITY[sdk=iphoneos*]" = "iPhone Developer";
				COPY_PHASE_STRIP = NO;
				DEBUG_INFORMATION_FORMAT = "dwarf-with-dsym";
				ENABLE_NS_ASSERTIONS = NO;
				ENABLE_STRICT_OBJC_MSGSEND = YES;
				GCC_C_LANGUAGE_STANDARD = gnu99;
				GCC_NO_COMMON_BLOCKS = YES;
				GCC_WARN_64_TO_32_BIT_CONVERSION = YES;
				GCC_WARN_ABOUT_RETURN_TYPE = YES_ERROR;
				GCC_WARN_UNDECLARED_SELECTOR = YES;
				GCC_WARN_UNINITIALIZED_AUTOS = YES_AGGRESSIVE;
				GCC_WARN_UNUSED_FUNCTION = YES;
				GCC_WARN_UNUSED_VARIABLE = YES;
				IPHONEOS_DEPLOYMENT_TARGET = 10.1;
				MTL_ENABLE_DEBUG_INFO = NO;
				SDKROOT = iphoneos;
				SWIFT_OPTIMIZATION_LEVEL = "-Owholemodule";
				TARGETED_DEVICE_FAMILY = "1,2";
				VALIDATE_PRODUCT = YES;
			};
			name = Release;
		};
		68028BE21E0CC6AF00D0FA2D /* Debug */ = {
			isa = XCBuildConfiguration;
			buildSettings = {
				ASSETCATALOG_COMPILER_APPICON_NAME = AppIcon;
				DEVELOPMENT_TEAM = XY75339EL4;
				INFOPLIST_FILE = delegatetest/Info.plist;
				LD_RUNPATH_SEARCH_PATHS = "$(inherited) @executable_path/Frameworks";
				PRODUCT_BUNDLE_IDENTIFIER = com.company.delegatetest;
				PRODUCT_NAME = "$(TARGET_NAME)";
				SWIFT_VERSION = 3.0;
			};
			name = Debug;
		};
		68028BE31E0CC6AF00D0FA2D /* Release */ = {
			isa = XCBuildConfiguration;
			buildSettings = {
				ASSETCATALOG_COMPILER_APPICON_NAME = AppIcon;
				DEVELOPMENT_TEAM = XY75339EL4;
				INFOPLIST_FILE = delegatetest/Info.plist;
				LD_RUNPATH_SEARCH_PATHS = "$(inherited) @executable_path/Frameworks";
				PRODUCT_BUNDLE_IDENTIFIER = com.company.delegatetest;
				PRODUCT_NAME = "$(TARGET_NAME)";
				SWIFT_VERSION = 3.0;
			};
			name = Release;
		};
		68028BE51E0CC6AF00D0FA2D /* Debug */ = {
			isa = XCBuildConfiguration;
			buildSettings = {
				ALWAYS_EMBED_SWIFT_STANDARD_LIBRARIES = YES;
				BUNDLE_LOADER = "$(TEST_HOST)";
				INFOPLIST_FILE = delegatetestTests/Info.plist;
				LD_RUNPATH_SEARCH_PATHS = "$(inherited) @executable_path/Frameworks @loader_path/Frameworks";
				PRODUCT_BUNDLE_IDENTIFIER = com.company.delegatetestTests;
				PRODUCT_NAME = "$(TARGET_NAME)";
				SWIFT_VERSION = 3.0;
				TEST_HOST = "$(BUILT_PRODUCTS_DIR)/delegatetest.app/delegatetest";
			};
			name = Debug;
		};
		68028BE61E0CC6AF00D0FA2D /* Release */ = {
			isa = XCBuildConfiguration;
			buildSettings = {
				ALWAYS_EMBED_SWIFT_STANDARD_LIBRARIES = YES;
				BUNDLE_LOADER = "$(TEST_HOST)";
				INFOPLIST_FILE = delegatetestTests/Info.plist;
				LD_RUNPATH_SEARCH_PATHS = "$(inherited) @executable_path/Frameworks @loader_path/Frameworks";
				PRODUCT_BUNDLE_IDENTIFIER = com.company.delegatetestTests;
				PRODUCT_NAME = "$(TARGET_NAME)";
				SWIFT_VERSION = 3.0;
				TEST_HOST = "$(BUILT_PRODUCTS_DIR)/delegatetest.app/delegatetest";
			};
			name = Release;
		};
		68028BE81E0CC6AF00D0FA2D /* Debug */ = {
			isa = XCBuildConfiguration;
			buildSettings = {
				ALWAYS_EMBED_SWIFT_STANDARD_LIBRARIES = YES;
				INFOPLIST_FILE = delegatetestUITests/Info.plist;
				LD_RUNPATH_SEARCH_PATHS = "$(inherited) @executable_path/Frameworks @loader_path/Frameworks";
				PRODUCT_BUNDLE_IDENTIFIER = com.company.delegatetestUITests;
				PRODUCT_NAME = "$(TARGET_NAME)";
				SWIFT_VERSION = 3.0;
				TEST_TARGET_NAME = delegatetest;
			};
			name = Debug;
		};
		68028BE91E0CC6AF00D0FA2D /* Release */ = {
			isa = XCBuildConfiguration;
			buildSettings = {
				ALWAYS_EMBED_SWIFT_STANDARD_LIBRARIES = YES;
				INFOPLIST_FILE = delegatetestUITests/Info.plist;
				LD_RUNPATH_SEARCH_PATHS = "$(inherited) @executable_path/Frameworks @loader_path/Frameworks";
				PRODUCT_BUNDLE_IDENTIFIER = com.company.delegatetestUITests;
				PRODUCT_NAME = "$(TARGET_NAME)";
				SWIFT_VERSION = 3.0;
				TEST_TARGET_NAME = delegatetest;
			};
			name = Release;
		};
/* End XCBuildConfiguration section */

/* Begin XCConfigurationList section */
		68028BB41E0CC6AF00D0FA2D /* Build configuration list for PBXProject "delegatetest" */ = {
			isa = XCConfigurationList;
			buildConfigurations = (
				68028BDF1E0CC6AF00D0FA2D /* Debug */,
				68028BE01E0CC6AF00D0FA2D /* Release */,
			);
			defaultConfigurationIsVisible = 0;
			defaultConfigurationName = Release;
		};
		68028BE11E0CC6AF00D0FA2D /* Build configuration list for PBXNativeTarget "delegatetest" */ = {
			isa = XCConfigurationList;
			buildConfigurations = (
				68028BE21E0CC6AF00D0FA2D /* Debug */,
				68028BE31E0CC6AF00D0FA2D /* Release */,
			);
			defaultConfigurationIsVisible = 0;
			defaultConfigurationName = Release;
		};
		68028BE41E0CC6AF00D0FA2D /* Build configuration list for PBXNativeTarget "delegatetestTests" */ = {
			isa = XCConfigurationList;
			buildConfigurations = (
				68028BE51E0CC6AF00D0FA2D /* Debug */,
				68028BE61E0CC6AF00D0FA2D /* Release */,
			);
			defaultConfigurationIsVisible = 0;
			defaultConfigurationName = Release;
		};
		68028BE71E0CC6AF00D0FA2D /* Build configuration list for PBXNativeTarget "delegatetestUITests" */ = {
			isa = XCConfigurationList;
			buildConfigurations = (
				68028BE81E0CC6AF00D0FA2D /* Debug */,
				68028BE91E0CC6AF00D0FA2D /* Release */,
			);
			defaultConfigurationIsVisible = 0;
			defaultConfigurationName = Release;
		};
/* End XCConfigurationList section */
	};
	rootObject = 68028BB11E0CC6AF00D0FA2D /* Project object */;
}
